
Microsoft Visual Studio Solution File, Format Version 12.00
# Visual Studio Version 17
VisualStudioVersion = 17.14.36414.22 d17.14
MinimumVisualStudioVersion = 10.0.40219.1
Project("{FAE04EC0-301F-11D3-BF4B-00C04F79EFBC}") = "TicTacToeSignalR", "TicTacToeSignalR\TicTacToeSignalR.csproj", "{903397A8-9077-4E72-80C1-A8DA23C8CD2A}"
EndProject
Global
	GlobalSection(SolutionConfigurationPlatforms) = preSolution
		Debug|Any CPU = Debug|Any CPU
		Release|Any CPU = Release|Any CPU
	EndGlobalSection
	GlobalSection(ProjectConfigurationPlatforms) = postSolution
		{903397A8-9077-4E72-80C1-A8DA23C8CD2A}.Debug|Any CPU.ActiveCfg = Debug|Any CPU
		{903397A8-9077-4E72-80C1-A8DA23C8CD2A}.Debug|Any CPU.Build.0 = Debug|Any CPU
		{903397A8-9077-4E72-80C1-A8DA23C8CD2A}.Release|Any CPU.ActiveCfg = Release|Any CPU
		{903397A8-9077-4E72-80C1-A8DA23C8CD2A}.Release|Any CPU.Build.0 = Release|Any CPU
	EndGlobalSection
	GlobalSection(SolutionProperties) = preSolution
		HideSolutionNode = FALSE
	EndGlobalSection
	GlobalSection(ExtensibilityGlobals) = postSolution
		SolutionGuid = {1D0086E3-BA73-4EF6-91F0-79D53081A7BE}
	EndGlobalSection
EndGlobal
